
Microsoft Visual Studio Solution File, Format Version 12.00
# Visual Studio Version 17
VisualStudioVersion = 17.3.32929.385
MinimumVisualStudioVersion = 10.0.40219.1
Project("{9A19103F-16F7-4668-BE54-9A1E7A4F7556}") = "Example_01_Variable", "SimpleAllOneProject\Example_01_Variable.csproj", "{5C2914BA-3957-4BA9-B2FC-F3B371FBFFDF}"
EndProject
Project("{2150E333-8FDC-42A3-9474-1A3956D46DE8}") = "Them_01", "Them_01", "{10012B1C-FDBC-4834-A74A-448D2A6C47BE}"
EndProject
Project("{2150E333-8FDC-42A3-9474-1A3956D46DE8}") = "Them_02", "Them_02", "{6314105D-5A62-44C8-B622-125411B2C3C3}"
EndProject
Project("{2150E333-8FDC-42A3-9474-1A3956D46DE8}") = "Lesson_01", "Lesson_01", "{D20CDA22-0EC6-4188-AD27-E1C71009A4DE}"
EndProject
Project("{2150E333-8FDC-42A3-9474-1A3956D46DE8}") = "Lesson_02", "Lesson_02", "{B1CB7134-732C-4984-8E0A-B4C89E8FA6DD}"
EndProject
Project("{9A19103F-16F7-4668-BE54-9A1E7A4F7556}") = "Example_02_DataTypes", "Example_002_DataTypes\Example_02_DataTypes.csproj", "{A0B3EB4D-0CC7-40CD-88A7-D9808D5791BD}"
EndProject
Project("{9A19103F-16F7-4668-BE54-9A1E7A4F7556}") = "Example_03_IntegerTyepes", "Example_03_IntegerTyepes\Example_03_IntegerTyepes.csproj", "{D75EBFE1-5788-434C-86D2-A38BDAB8D1C6}"
EndProject
Project("{9A19103F-16F7-4668-BE54-9A1E7A4F7556}") = "Example_04_FloatPointTypes", "Example_04_FloatPointTypes\Example_04_FloatPointTypes.csproj", "{BCCD0003-1DDE-4E6D-9657-2BB3096207D6}"
EndProject
Project("{9A19103F-16F7-4668-BE54-9A1E7A4F7556}") = "Example_05_CharTypes", "Example_05_CharTypes\Example_05_CharTypes.csproj", "{9C25BE7F-7A55-45E5-B83B-6303B5577788}"
EndProject
Project("{9A19103F-16F7-4668-BE54-9A1E7A4F7556}") = "Example_06_BooleanTypes", "Example_06_BooleanTypes\Example_06_BooleanTypes.csproj", "{B168CB75-E609-4CC4-A6C2-C58BEA069DA3}"
EndProject
Project("{9A19103F-16F7-4668-BE54-9A1E7A4F7556}") = "Exapmle_07_StringTypes", "Exapmle_07_StringTypes\Exapmle_07_StringTypes.csproj", "{C11871AE-B4DE-497D-A7BE-2B91169D8052}"
EndProject
Project("{9A19103F-16F7-4668-BE54-9A1E7A4F7556}") = "Example_001_Formatedoutput", "Example_001_Formatedoutput\Example_001_Formatedoutput.csproj", "{BE1BE83F-6CC7-426D-886B-0CFDE3F78A34}"
EndProject
Project("{9A19103F-16F7-4668-BE54-9A1E7A4F7556}") = "Example_002_EscpeSequences", "Example_002_EscpeSequences\Example_002_EscpeSequences.csproj", "{36A070F6-F48A-4FF3-92A6-0412F0C57A4A}"
EndProject
Project("{9A19103F-16F7-4668-BE54-9A1E7A4F7556}") = "Example_003_StringInterpolation", "Example_003_StringInterpolotion\Example_003_StringInterpolation.csproj", "{2E93D0BB-8A64-453F-9595-6DE3512A6EDE}"
EndProject
Project("{9A19103F-16F7-4668-BE54-9A1E7A4F7556}") = "Example_004_NumbersAfterPoint", "Example_004_NumbersAfterPoint\Example_004_NumbersAfterPoint.csproj", "{ED21EB9B-D7F0-4956-BE46-D181228A073F}"
EndProject
Project("{2150E333-8FDC-42A3-9474-1A3956D46DE8}") = "Lesson_03", "Lesson_03", "{3326DD18-6A38-4365-9B8E-ED511265A485}"
EndProject
Project("{9A19103F-16F7-4668-BE54-9A1E7A4F7556}") = "Example_001_DataTypeConventor", "Example_001_DataTypeConventor\Example_001_DataTypeConventor.csproj", "{AAD7CCCE-AD4E-4BF7-A532-FD12BB245A02}"
EndProject
Project("{9A19103F-16F7-4668-BE54-9A1E7A4F7556}") = "Example_002_ImpilicitTypeConversion", "Example_002_ImpilicitTypeConversion\Example_002_ImpilicitTypeConversion.csproj", "{DC578C51-8501-44C2-86C2-4EB28B6565E1}"
EndProject
Project("{9A19103F-16F7-4668-BE54-9A1E7A4F7556}") = "Example_003_ExplicitTypeConversion", "Example_003_ExplicitTypeConversion\Example_003_ExplicitTypeConversion.csproj", "{720A7568-37E4-495A-B1A6-A07671577141}"
EndProject
Project("{9A19103F-16F7-4668-BE54-9A1E7A4F7556}") = "Example_004_ParseConversion", "Example_004_ParseConversion\Example_004_ParseConversion.csproj", "{463936EB-8195-4BA6-9816-94DFB0785F81}"
EndProject
Project("{9A19103F-16F7-4668-BE54-9A1E7A4F7556}") = "Example_005_ConvertTo", "Example_005_ConvertTo\Example_005_ConvertTo.csproj", "{EDB30F78-1AA4-492F-8BB8-3FF8E659DF0E}"
EndProject
Project("{2150E333-8FDC-42A3-9474-1A3956D46DE8}") = "Lesson_04", "Lesson_04", "{3B115A0B-BDFD-4603-AC72-EB5AB90606D6}"
EndProject
Project("{FAE04EC0-301F-11D3-BF4B-00C04F79EFBC}") = "Example_001_ArithmticOperations", "Example_001_ArithmticOperations\Example_001_ArithmticOperations.csproj", "{C0C1CDBA-15A4-4007-A0D6-59C16BA9EE57}"
EndProject
Project("{FAE04EC0-301F-11D3-BF4B-00C04F79EFBC}") = "Example_002_IncrementAndDecrement", "Example_002_IncrementAndDecrement\Example_002_IncrementAndDecrement.csproj", "{493423D4-8754-44A1-93F0-469F9D2C7164}"
EndProject
Project("{FAE04EC0-301F-11D3-BF4B-00C04F79EFBC}") = "Example_003_OperationPriority", "Example_003_OperationPriority\Example_003_OperationPriority.csproj", "{19D47036-97F7-4C81-BFFE-B41116D4BBA8}"
EndProject
Global
	GlobalSection(SolutionConfigurationPlatforms) = preSolution
		Debug|Any CPU = Debug|Any CPU
		Release|Any CPU = Release|Any CPU
	EndGlobalSection
	GlobalSection(ProjectConfigurationPlatforms) = postSolution
		{5C2914BA-3957-4BA9-B2FC-F3B371FBFFDF}.Debug|Any CPU.ActiveCfg = Debug|Any CPU
		{5C2914BA-3957-4BA9-B2FC-F3B371FBFFDF}.Debug|Any CPU.Build.0 = Debug|Any CPU
		{5C2914BA-3957-4BA9-B2FC-F3B371FBFFDF}.Release|Any CPU.ActiveCfg = Release|Any CPU
		{5C2914BA-3957-4BA9-B2FC-F3B371FBFFDF}.Release|Any CPU.Build.0 = Release|Any CPU
		{A0B3EB4D-0CC7-40CD-88A7-D9808D5791BD}.Debug|Any CPU.ActiveCfg = Debug|Any CPU
		{A0B3EB4D-0CC7-40CD-88A7-D9808D5791BD}.Debug|Any CPU.Build.0 = Debug|Any CPU
		{A0B3EB4D-0CC7-40CD-88A7-D9808D5791BD}.Release|Any CPU.ActiveCfg = Release|Any CPU
		{A0B3EB4D-0CC7-40CD-88A7-D9808D5791BD}.Release|Any CPU.Build.0 = Release|Any CPU
		{D75EBFE1-5788-434C-86D2-A38BDAB8D1C6}.Debug|Any CPU.ActiveCfg = Debug|Any CPU
		{D75EBFE1-5788-434C-86D2-A38BDAB8D1C6}.Debug|Any CPU.Build.0 = Debug|Any CPU
		{D75EBFE1-5788-434C-86D2-A38BDAB8D1C6}.Release|Any CPU.ActiveCfg = Release|Any CPU
		{D75EBFE1-5788-434C-86D2-A38BDAB8D1C6}.Release|Any CPU.Build.0 = Release|Any CPU
		{BCCD0003-1DDE-4E6D-9657-2BB3096207D6}.Debug|Any CPU.ActiveCfg = Debug|Any CPU
		{BCCD0003-1DDE-4E6D-9657-2BB3096207D6}.Debug|Any CPU.Build.0 = Debug|Any CPU
		{BCCD0003-1DDE-4E6D-9657-2BB3096207D6}.Release|Any CPU.ActiveCfg = Release|Any CPU
		{BCCD0003-1DDE-4E6D-9657-2BB3096207D6}.Release|Any CPU.Build.0 = Release|Any CPU
		{9C25BE7F-7A55-45E5-B83B-6303B5577788}.Debug|Any CPU.ActiveCfg = Debug|Any CPU
		{9C25BE7F-7A55-45E5-B83B-6303B5577788}.Debug|Any CPU.Build.0 = Debug|Any CPU
		{9C25BE7F-7A55-45E5-B83B-6303B5577788}.Release|Any CPU.ActiveCfg = Release|Any CPU
		{9C25BE7F-7A55-45E5-B83B-6303B5577788}.Release|Any CPU.Build.0 = Release|Any CPU
		{B168CB75-E609-4CC4-A6C2-C58BEA069DA3}.Debug|Any CPU.ActiveCfg = Debug|Any CPU
		{B168CB75-E609-4CC4-A6C2-C58BEA069DA3}.Debug|Any CPU.Build.0 = Debug|Any CPU
		{B168CB75-E609-4CC4-A6C2-C58BEA069DA3}.Release|Any CPU.ActiveCfg = Release|Any CPU
		{B168CB75-E609-4CC4-A6C2-C58BEA069DA3}.Release|Any CPU.Build.0 = Release|Any CPU
		{C11871AE-B4DE-497D-A7BE-2B91169D8052}.Debug|Any CPU.ActiveCfg = Debug|Any CPU
		{C11871AE-B4DE-497D-A7BE-2B91169D8052}.Debug|Any CPU.Build.0 = Debug|Any CPU
		{C11871AE-B4DE-497D-A7BE-2B91169D8052}.Release|Any CPU.ActiveCfg = Release|Any CPU
		{C11871AE-B4DE-497D-A7BE-2B91169D8052}.Release|Any CPU.Build.0 = Release|Any CPU
		{BE1BE83F-6CC7-426D-886B-0CFDE3F78A34}.Debug|Any CPU.ActiveCfg = Debug|Any CPU
		{BE1BE83F-6CC7-426D-886B-0CFDE3F78A34}.Debug|Any CPU.Build.0 = Debug|Any CPU
		{BE1BE83F-6CC7-426D-886B-0CFDE3F78A34}.Release|Any CPU.ActiveCfg = Release|Any CPU
		{BE1BE83F-6CC7-426D-886B-0CFDE3F78A34}.Release|Any CPU.Build.0 = Release|Any CPU
		{36A070F6-F48A-4FF3-92A6-0412F0C57A4A}.Debug|Any CPU.ActiveCfg = Debug|Any CPU
		{36A070F6-F48A-4FF3-92A6-0412F0C57A4A}.Debug|Any CPU.Build.0 = Debug|Any CPU
		{36A070F6-F48A-4FF3-92A6-0412F0C57A4A}.Release|Any CPU.ActiveCfg = Release|Any CPU
		{36A070F6-F48A-4FF3-92A6-0412F0C57A4A}.Release|Any CPU.Build.0 = Release|Any CPU
		{2E93D0BB-8A64-453F-9595-6DE3512A6EDE}.Debug|Any CPU.ActiveCfg = Debug|Any CPU
		{2E93D0BB-8A64-453F-9595-6DE3512A6EDE}.Debug|Any CPU.Build.0 = Debug|Any CPU
		{2E93D0BB-8A64-453F-9595-6DE3512A6EDE}.Release|Any CPU.ActiveCfg = Release|Any CPU
		{2E93D0BB-8A64-453F-9595-6DE3512A6EDE}.Release|Any CPU.Build.0 = Release|Any CPU
		{ED21EB9B-D7F0-4956-BE46-D181228A073F}.Debug|Any CPU.ActiveCfg = Debug|Any CPU
		{ED21EB9B-D7F0-4956-BE46-D181228A073F}.Debug|Any CPU.Build.0 = Debug|Any CPU
		{ED21EB9B-D7F0-4956-BE46-D181228A073F}.Release|Any CPU.ActiveCfg = Release|Any CPU
		{ED21EB9B-D7F0-4956-BE46-D181228A073F}.Release|Any CPU.Build.0 = Release|Any CPU
		{AAD7CCCE-AD4E-4BF7-A532-FD12BB245A02}.Debug|Any CPU.ActiveCfg = Debug|Any CPU
		{AAD7CCCE-AD4E-4BF7-A532-FD12BB245A02}.Debug|Any CPU.Build.0 = Debug|Any CPU
		{AAD7CCCE-AD4E-4BF7-A532-FD12BB245A02}.Release|Any CPU.ActiveCfg = Release|Any CPU
		{AAD7CCCE-AD4E-4BF7-A532-FD12BB245A02}.Release|Any CPU.Build.0 = Release|Any CPU
		{DC578C51-8501-44C2-86C2-4EB28B6565E1}.Debug|Any CPU.ActiveCfg = Debug|Any CPU
		{DC578C51-8501-44C2-86C2-4EB28B6565E1}.Debug|Any CPU.Build.0 = Debug|Any CPU
		{DC578C51-8501-44C2-86C2-4EB28B6565E1}.Release|Any CPU.ActiveCfg = Release|Any CPU
		{DC578C51-8501-44C2-86C2-4EB28B6565E1}.Release|Any CPU.Build.0 = Release|Any CPU
		{720A7568-37E4-495A-B1A6-A07671577141}.Debug|Any CPU.ActiveCfg = Debug|Any CPU
		{720A7568-37E4-495A-B1A6-A07671577141}.Debug|Any CPU.Build.0 = Debug|Any CPU
		{720A7568-37E4-495A-B1A6-A07671577141}.Release|Any CPU.ActiveCfg = Release|Any CPU
		{720A7568-37E4-495A-B1A6-A07671577141}.Release|Any CPU.Build.0 = Release|Any CPU
		{463936EB-8195-4BA6-9816-94DFB0785F81}.Debug|Any CPU.ActiveCfg = Debug|Any CPU
		{463936EB-8195-4BA6-9816-94DFB0785F81}.Debug|Any CPU.Build.0 = Debug|Any CPU
		{463936EB-8195-4BA6-9816-94DFB0785F81}.Release|Any CPU.ActiveCfg = Release|Any CPU
		{463936EB-8195-4BA6-9816-94DFB0785F81}.Release|Any CPU.Build.0 = Release|Any CPU
		{EDB30F78-1AA4-492F-8BB8-3FF8E659DF0E}.Debug|Any CPU.ActiveCfg = Debug|Any CPU
		{EDB30F78-1AA4-492F-8BB8-3FF8E659DF0E}.Debug|Any CPU.Build.0 = Debug|Any CPU
		{EDB30F78-1AA4-492F-8BB8-3FF8E659DF0E}.Release|Any CPU.ActiveCfg = Release|Any CPU
		{EDB30F78-1AA4-492F-8BB8-3FF8E659DF0E}.Release|Any CPU.Build.0 = Release|Any CPU
		{C0C1CDBA-15A4-4007-A0D6-59C16BA9EE57}.Debug|Any CPU.ActiveCfg = Debug|Any CPU
		{C0C1CDBA-15A4-4007-A0D6-59C16BA9EE57}.Debug|Any CPU.Build.0 = Debug|Any CPU
		{C0C1CDBA-15A4-4007-A0D6-59C16BA9EE57}.Release|Any CPU.ActiveCfg = Release|Any CPU
		{C0C1CDBA-15A4-4007-A0D6-59C16BA9EE57}.Release|Any CPU.Build.0 = Release|Any CPU
		{493423D4-8754-44A1-93F0-469F9D2C7164}.Debug|Any CPU.ActiveCfg = Debug|Any CPU
		{493423D4-8754-44A1-93F0-469F9D2C7164}.Debug|Any CPU.Build.0 = Debug|Any CPU
		{493423D4-8754-44A1-93F0-469F9D2C7164}.Release|Any CPU.ActiveCfg = Release|Any CPU
		{493423D4-8754-44A1-93F0-469F9D2C7164}.Release|Any CPU.Build.0 = Release|Any CPU
		{19D47036-97F7-4C81-BFFE-B41116D4BBA8}.Debug|Any CPU.ActiveCfg = Debug|Any CPU
		{19D47036-97F7-4C81-BFFE-B41116D4BBA8}.Debug|Any CPU.Build.0 = Debug|Any CPU
		{19D47036-97F7-4C81-BFFE-B41116D4BBA8}.Release|Any CPU.ActiveCfg = Release|Any CPU
		{19D47036-97F7-4C81-BFFE-B41116D4BBA8}.Release|Any CPU.Build.0 = Release|Any CPU
	EndGlobalSection
	GlobalSection(SolutionProperties) = preSolution
		HideSolutionNode = FALSE
	EndGlobalSection
	GlobalSection(NestedProjects) = preSolution
		{5C2914BA-3957-4BA9-B2FC-F3B371FBFFDF} = {D20CDA22-0EC6-4188-AD27-E1C71009A4DE}
		{D20CDA22-0EC6-4188-AD27-E1C71009A4DE} = {6314105D-5A62-44C8-B622-125411B2C3C3}
		{B1CB7134-732C-4984-8E0A-B4C89E8FA6DD} = {6314105D-5A62-44C8-B622-125411B2C3C3}
		{A0B3EB4D-0CC7-40CD-88A7-D9808D5791BD} = {D20CDA22-0EC6-4188-AD27-E1C71009A4DE}
		{D75EBFE1-5788-434C-86D2-A38BDAB8D1C6} = {D20CDA22-0EC6-4188-AD27-E1C71009A4DE}
		{BCCD0003-1DDE-4E6D-9657-2BB3096207D6} = {D20CDA22-0EC6-4188-AD27-E1C71009A4DE}
		{9C25BE7F-7A55-45E5-B83B-6303B5577788} = {D20CDA22-0EC6-4188-AD27-E1C71009A4DE}
		{B168CB75-E609-4CC4-A6C2-C58BEA069DA3} = {D20CDA22-0EC6-4188-AD27-E1C71009A4DE}
		{C11871AE-B4DE-497D-A7BE-2B91169D8052} = {D20CDA22-0EC6-4188-AD27-E1C71009A4DE}
		{BE1BE83F-6CC7-426D-886B-0CFDE3F78A34} = {B1CB7134-732C-4984-8E0A-B4C89E8FA6DD}
		{36A070F6-F48A-4FF3-92A6-0412F0C57A4A} = {B1CB7134-732C-4984-8E0A-B4C89E8FA6DD}
		{2E93D0BB-8A64-453F-9595-6DE3512A6EDE} = {B1CB7134-732C-4984-8E0A-B4C89E8FA6DD}
		{ED21EB9B-D7F0-4956-BE46-D181228A073F} = {B1CB7134-732C-4984-8E0A-B4C89E8FA6DD}
		{3326DD18-6A38-4365-9B8E-ED511265A485} = {6314105D-5A62-44C8-B622-125411B2C3C3}
		{AAD7CCCE-AD4E-4BF7-A532-FD12BB245A02} = {3326DD18-6A38-4365-9B8E-ED511265A485}
		{DC578C51-8501-44C2-86C2-4EB28B6565E1} = {3326DD18-6A38-4365-9B8E-ED511265A485}
		{720A7568-37E4-495A-B1A6-A07671577141} = {3326DD18-6A38-4365-9B8E-ED511265A485}
		{463936EB-8195-4BA6-9816-94DFB0785F81} = {3326DD18-6A38-4365-9B8E-ED511265A485}
		{EDB30F78-1AA4-492F-8BB8-3FF8E659DF0E} = {3326DD18-6A38-4365-9B8E-ED511265A485}
		{3B115A0B-BDFD-4603-AC72-EB5AB90606D6} = {6314105D-5A62-44C8-B622-125411B2C3C3}
		{C0C1CDBA-15A4-4007-A0D6-59C16BA9EE57} = {3B115A0B-BDFD-4603-AC72-EB5AB90606D6}
		{493423D4-8754-44A1-93F0-469F9D2C7164} = {3B115A0B-BDFD-4603-AC72-EB5AB90606D6}
		{19D47036-97F7-4C81-BFFE-B41116D4BBA8} = {3B115A0B-BDFD-4603-AC72-EB5AB90606D6}
	EndGlobalSection
	GlobalSection(ExtensibilityGlobals) = postSolution
		SolutionGuid = {77FAE285-E1D4-497C-B929-0EFD609A5151}
	EndGlobalSection
EndGlobal
